
Microsoft Visual Studio Solution File, Format Version 12.00
# Visual Studio Version 17
Project("{8BC9CEB8-8B4A-11D0-8D11-00A0C91BC942}") = "ALL_BUILD", "ALL_BUILD.vcxproj", "{6528E4AB-1630-33AD-9B40-B77D91D783F1}"
	ProjectSection(ProjectDependencies) = postProject
		{C5B94A4F-5508-3153-B836-95025CD6617F} = {C5B94A4F-5508-3153-B836-95025CD6617F}
		{9DA817DB-804F-3CE6-BF3E-ABE49B84E482} = {9DA817DB-804F-3CE6-BF3E-ABE49B84E482}
		{652F0DD3-6CA7-3090-830D-AE98AF383BE9} = {652F0DD3-6CA7-3090-830D-AE98AF383BE9}
		{BA15AD88-523A-3E0C-A0A4-6B4CDE5F1D49} = {BA15AD88-523A-3E0C-A0A4-6B4CDE5F1D49}
		{E8FDF4A7-8383-304B-B98A-A2566F28BDCA} = {E8FDF4A7-8383-304B-B98A-A2566F28BDCA}
	EndProjectSection
EndProject
Project("{8BC9CEB8-8B4A-11D0-8D11-00A0C91BC942}") = "INSTALL", "INSTALL.vcxproj", "{6B639327-61EA-3922-B7C5-F39C7626CB24}"
	ProjectSection(ProjectDependencies) = postProject
		{6528E4AB-1630-33AD-9B40-B77D91D783F1} = {6528E4AB-1630-33AD-9B40-B77D91D783F1}
		{C5B94A4F-5508-3153-B836-95025CD6617F} = {C5B94A4F-5508-3153-B836-95025CD6617F}
	EndProjectSection
EndProject
Project("{8BC9CEB8-8B4A-11D0-8D11-00A0C91BC942}") = "ZERO_CHECK", "..\..\..\..\..\\ZERO_CHECK.vcxproj", "{C5B94A4F-5508-3153-B836-95025CD6617F}"
	ProjectSection(ProjectDependencies) = postProject
	EndProjectSection
EndProject
Project("{8BC9CEB8-8B4A-11D0-8D11-00A0C91BC942}") = "lua_compiler", "lua_compiler.vcxproj", "{9DA817DB-804F-3CE6-BF3E-ABE49B84E482}"
	ProjectSection(ProjectDependencies) = postProject
		{C5B94A4F-5508-3153-B836-95025CD6617F} = {C5B94A4F-5508-3153-B836-95025CD6617F}
		{E8FDF4A7-8383-304B-B98A-A2566F28BDCA} = {E8FDF4A7-8383-304B-B98A-A2566F28BDCA}
	EndProjectSection
EndProject
Project("{8BC9CEB8-8B4A-11D0-8D11-00A0C91BC942}") = "lua_interpreter", "lua_interpreter.vcxproj", "{652F0DD3-6CA7-3090-830D-AE98AF383BE9}"
	ProjectSection(ProjectDependencies) = postProject
		{C5B94A4F-5508-3153-B836-95025CD6617F} = {C5B94A4F-5508-3153-B836-95025CD6617F}
		{E8FDF4A7-8383-304B-B98A-A2566F28BDCA} = {E8FDF4A7-8383-304B-B98A-A2566F28BDCA}
	EndProjectSection
EndProject
Project("{8BC9CEB8-8B4A-11D0-8D11-00A0C91BC942}") = "lualib", "lualib.vcxproj", "{BA15AD88-523A-3E0C-A0A4-6B4CDE5F1D49}"
	ProjectSection(ProjectDependencies) = postProject
		{C5B94A4F-5508-3153-B836-95025CD6617F} = {C5B94A4F-5508-3153-B836-95025CD6617F}
	EndProjectSection
EndProject
Project("{8BC9CEB8-8B4A-11D0-8D11-00A0C91BC942}") = "lualib_static", "lualib_static.vcxproj", "{E8FDF4A7-8383-304B-B98A-A2566F28BDCA}"
	ProjectSection(ProjectDependencies) = postProject
		{C5B94A4F-5508-3153-B836-95025CD6617F} = {C5B94A4F-5508-3153-B836-95025CD6617F}
	EndProjectSection
EndProject
Global
	GlobalSection(SolutionConfigurationPlatforms) = preSolution
		Debug|x64 = Debug|x64
		Release|x64 = Release|x64
		MinSizeRel|x64 = MinSizeRel|x64
		RelWithDebInfo|x64 = RelWithDebInfo|x64
	EndGlobalSection
	GlobalSection(ProjectConfigurationPlatforms) = postSolution
		{6528E4AB-1630-33AD-9B40-B77D91D783F1}.Debug|x64.ActiveCfg = Debug|x64
		{6528E4AB-1630-33AD-9B40-B77D91D783F1}.Debug|x64.Build.0 = Debug|x64
		{6528E4AB-1630-33AD-9B40-B77D91D783F1}.Release|x64.ActiveCfg = Release|x64
		{6528E4AB-1630-33AD-9B40-B77D91D783F1}.Release|x64.Build.0 = Release|x64
		{6528E4AB-1630-33AD-9B40-B77D91D783F1}.MinSizeRel|x64.ActiveCfg = MinSizeRel|x64
		{6528E4AB-1630-33AD-9B40-B77D91D783F1}.MinSizeRel|x64.Build.0 = MinSizeRel|x64
		{6528E4AB-1630-33AD-9B40-B77D91D783F1}.RelWithDebInfo|x64.ActiveCfg = RelWithDebInfo|x64
		{6528E4AB-1630-33AD-9B40-B77D91D783F1}.RelWithDebInfo|x64.Build.0 = RelWithDebInfo|x64
		{6B639327-61EA-3922-B7C5-F39C7626CB24}.Debug|x64.ActiveCfg = Debug|x64
		{6B639327-61EA-3922-B7C5-F39C7626CB24}.Release|x64.ActiveCfg = Release|x64
		{6B639327-61EA-3922-B7C5-F39C7626CB24}.MinSizeRel|x64.ActiveCfg = MinSizeRel|x64
		{6B639327-61EA-3922-B7C5-F39C7626CB24}.RelWithDebInfo|x64.ActiveCfg = RelWithDebInfo|x64
		{C5B94A4F-5508-3153-B836-95025CD6617F}.Debug|x64.ActiveCfg = Debug|x64
		{C5B94A4F-5508-3153-B836-95025CD6617F}.Debug|x64.Build.0 = Debug|x64
		{C5B94A4F-5508-3153-B836-95025CD6617F}.Release|x64.ActiveCfg = Release|x64
		{C5B94A4F-5508-3153-B836-95025CD6617F}.Release|x64.Build.0 = Release|x64
		{C5B94A4F-5508-3153-B836-95025CD6617F}.MinSizeRel|x64.ActiveCfg = MinSizeRel|x64
		{C5B94A4F-5508-3153-B836-95025CD6617F}.MinSizeRel|x64.Build.0 = MinSizeRel|x64
		{C5B94A4F-5508-3153-B836-95025CD6617F}.RelWithDebInfo|x64.ActiveCfg = RelWithDebInfo|x64
		{C5B94A4F-5508-3153-B836-95025CD6617F}.RelWithDebInfo|x64.Build.0 = RelWithDebInfo|x64
		{9DA817DB-804F-3CE6-BF3E-ABE49B84E482}.Debug|x64.ActiveCfg = Debug|x64
		{9DA817DB-804F-3CE6-BF3E-ABE49B84E482}.Debug|x64.Build.0 = Debug|x64
		{9DA817DB-804F-3CE6-BF3E-ABE49B84E482}.Release|x64.ActiveCfg = Release|x64
		{9DA817DB-804F-3CE6-BF3E-ABE49B84E482}.Release|x64.Build.0 = Release|x64
		{9DA817DB-804F-3CE6-BF3E-ABE49B84E482}.MinSizeRel|x64.ActiveCfg = MinSizeRel|x64
		{9DA817DB-804F-3CE6-BF3E-ABE49B84E482}.MinSizeRel|x64.Build.0 = MinSizeRel|x64
		{9DA817DB-804F-3CE6-BF3E-ABE49B84E482}.RelWithDebInfo|x64.ActiveCfg = RelWithDebInfo|x64
		{9DA817DB-804F-3CE6-BF3E-ABE49B84E482}.RelWithDebInfo|x64.Build.0 = RelWithDebInfo|x64
		{652F0DD3-6CA7-3090-830D-AE98AF383BE9}.Debug|x64.ActiveCfg = Debug|x64
		{652F0DD3-6CA7-3090-830D-AE98AF383BE9}.Debug|x64.Build.0 = Debug|x64
		{652F0DD3-6CA7-3090-830D-AE98AF383BE9}.Release|x64.ActiveCfg = Release|x64
		{652F0DD3-6CA7-3090-830D-AE98AF383BE9}.Release|x64.Build.0 = Release|x64
		{652F0DD3-6CA7-3090-830D-AE98AF383BE9}.MinSizeRel|x64.ActiveCfg = MinSizeRel|x64
		{652F0DD3-6CA7-3090-830D-AE98AF383BE9}.MinSizeRel|x64.Build.0 = MinSizeRel|x64
		{652F0DD3-6CA7-3090-830D-AE98AF383BE9}.RelWithDebInfo|x64.ActiveCfg = RelWithDebInfo|x64
		{652F0DD3-6CA7-3090-830D-AE98AF383BE9}.RelWithDebInfo|x64.Build.0 = RelWithDebInfo|x64
		{BA15AD88-523A-3E0C-A0A4-6B4CDE5F1D49}.Debug|x64.ActiveCfg = Debug|x64
		{BA15AD88-523A-3E0C-A0A4-6B4CDE5F1D49}.Debug|x64.Build.0 = Debug|x64
		{BA15AD88-523A-3E0C-A0A4-6B4CDE5F1D49}.Release|x64.ActiveCfg = Release|x64
		{BA15AD88-523A-3E0C-A0A4-6B4CDE5F1D49}.Release|x64.Build.0 = Release|x64
		{BA15AD88-523A-3E0C-A0A4-6B4CDE5F1D49}.MinSizeRel|x64.ActiveCfg = MinSizeRel|x64
		{BA15AD88-523A-3E0C-A0A4-6B4CDE5F1D49}.MinSizeRel|x64.Build.0 = MinSizeRel|x64
		{BA15AD88-523A-3E0C-A0A4-6B4CDE5F1D49}.RelWithDebInfo|x64.ActiveCfg = RelWithDebInfo|x64
		{BA15AD88-523A-3E0C-A0A4-6B4CDE5F1D49}.RelWithDebInfo|x64.Build.0 = RelWithDebInfo|x64
		{E8FDF4A7-8383-304B-B98A-A2566F28BDCA}.Debug|x64.ActiveCfg = Debug|x64
		{E8FDF4A7-8383-304B-B98A-A2566F28BDCA}.Debug|x64.Build.0 = Debug|x64
		{E8FDF4A7-8383-304B-B98A-A2566F28BDCA}.Release|x64.ActiveCfg = Release|x64
		{E8FDF4A7-8383-304B-B98A-A2566F28BDCA}.Release|x64.Build.0 = Release|x64
		{E8FDF4A7-8383-304B-B98A-A2566F28BDCA}.MinSizeRel|x64.ActiveCfg = MinSizeRel|x64
		{E8FDF4A7-8383-304B-B98A-A2566F28BDCA}.MinSizeRel|x64.Build.0 = MinSizeRel|x64
		{E8FDF4A7-8383-304B-B98A-A2566F28BDCA}.RelWithDebInfo|x64.ActiveCfg = RelWithDebInfo|x64
		{E8FDF4A7-8383-304B-B98A-A2566F28BDCA}.RelWithDebInfo|x64.Build.0 = RelWithDebInfo|x64
	EndGlobalSection
	GlobalSection(ExtensibilityGlobals) = postSolution
		SolutionGuid = {B8D99DD3-34D4-3765-843B-33D5FEEDC8B0}
	EndGlobalSection
	GlobalSection(ExtensibilityAddIns) = postSolution
	EndGlobalSection
EndGlobal
