<?xml version="1.0" encoding="utf-8"?>
<Project ToolsVersion="17.0" xmlns="http://schemas.microsoft.com/developer/msbuild/2003">
  <ItemGroup>
    <ClCompile Include="D:\Soft\SoloAzerothCore\_deps\lua52-src\src\lapi.c">
      <Filter>Source Files</Filter>
    </ClCompile>
    <ClCompile Include="D:\Soft\SoloAzerothCore\_deps\lua52-src\src\lauxlib.c">
      <Filter>Source Files</Filter>
    </ClCompile>
    <ClCompile Include="D:\Soft\SoloAzerothCore\_deps\lua52-src\src\lbaselib.c">
      <Filter>Source Files</Filter>
    </ClCompile>
    <ClCompile Include="D:\Soft\SoloAzerothCore\_deps\lua52-src\src\lbitlib.c">
      <Filter>Source Files</Filter>
    </ClCompile>
    <ClCompile Include="D:\Soft\SoloAzerothCore\_deps\lua52-src\src\lcode.c">
      <Filter>Source Files</Filter>
    </ClCompile>
    <ClCompile Include="D:\Soft\SoloAzerothCore\_deps\lua52-src\src\lcorolib.c">
      <Filter>Source Files</Filter>
    </ClCompile>
    <ClCompile Include="D:\Soft\SoloAzerothCore\_deps\lua52-src\src\lctype.c">
      <Filter>Source Files</Filter>
    </ClCompile>
    <ClCompile Include="D:\Soft\SoloAzerothCore\_deps\lua52-src\src\ldblib.c">
      <Filter>Source Files</Filter>
    </ClCompile>
    <ClCompile Include="D:\Soft\SoloAzerothCore\_deps\lua52-src\src\ldebug.c">
      <Filter>Source Files</Filter>
    </ClCompile>
    <ClCompile Include="D:\Soft\SoloAzerothCore\_deps\lua52-src\src\ldo.c">
      <Filter>Source Files</Filter>
    </ClCompile>
    <ClCompile Include="D:\Soft\SoloAzerothCore\_deps\lua52-src\src\ldump.c">
      <Filter>Source Files</Filter>
    </ClCompile>
    <ClCompile Include="D:\Soft\SoloAzerothCore\_deps\lua52-src\src\lfunc.c">
      <Filter>Source Files</Filter>
    </ClCompile>
    <ClCompile Include="D:\Soft\SoloAzerothCore\_deps\lua52-src\src\lgc.c">
      <Filter>Source Files</Filter>
    </ClCompile>
    <ClCompile Include="D:\Soft\SoloAzerothCore\_deps\lua52-src\src\linit.c">
      <Filter>Source Files</Filter>
    </ClCompile>
    <ClCompile Include="D:\Soft\SoloAzerothCore\_deps\lua52-src\src\liolib.c">
      <Filter>Source Files</Filter>
    </ClCompile>
    <ClCompile Include="D:\Soft\SoloAzerothCore\_deps\lua52-src\src\llex.c">
      <Filter>Source Files</Filter>
    </ClCompile>
    <ClCompile Include="D:\Soft\SoloAzerothCore\_deps\lua52-src\src\lmathlib.c">
      <Filter>Source Files</Filter>
    </ClCompile>
    <ClCompile Include="D:\Soft\SoloAzerothCore\_deps\lua52-src\src\lmem.c">
      <Filter>Source Files</Filter>
    </ClCompile>
    <ClCompile Include="D:\Soft\SoloAzerothCore\_deps\lua52-src\src\loadlib.c">
      <Filter>Source Files</Filter>
    </ClCompile>
    <ClCompile Include="D:\Soft\SoloAzerothCore\_deps\lua52-src\src\lobject.c">
      <Filter>Source Files</Filter>
    </ClCompile>
    <ClCompile Include="D:\Soft\SoloAzerothCore\_deps\lua52-src\src\lopcodes.c">
      <Filter>Source Files</Filter>
    </ClCompile>
    <ClCompile Include="D:\Soft\SoloAzerothCore\_deps\lua52-src\src\loslib.c">
      <Filter>Source Files</Filter>
    </ClCompile>
    <ClCompile Include="D:\Soft\SoloAzerothCore\_deps\lua52-src\src\lparser.c">
      <Filter>Source Files</Filter>
    </ClCompile>
    <ClCompile Include="D:\Soft\SoloAzerothCore\_deps\lua52-src\src\lstate.c">
      <Filter>Source Files</Filter>
    </ClCompile>
    <ClCompile Include="D:\Soft\SoloAzerothCore\_deps\lua52-src\src\lstring.c">
      <Filter>Source Files</Filter>
    </ClCompile>
    <ClCompile Include="D:\Soft\SoloAzerothCore\_deps\lua52-src\src\lstrlib.c">
      <Filter>Source Files</Filter>
    </ClCompile>
    <ClCompile Include="D:\Soft\SoloAzerothCore\_deps\lua52-src\src\ltable.c">
      <Filter>Source Files</Filter>
    </ClCompile>
    <ClCompile Include="D:\Soft\SoloAzerothCore\_deps\lua52-src\src\ltablib.c">
      <Filter>Source Files</Filter>
    </ClCompile>
    <ClCompile Include="D:\Soft\SoloAzerothCore\_deps\lua52-src\src\ltm.c">
      <Filter>Source Files</Filter>
    </ClCompile>
    <ClCompile Include="D:\Soft\SoloAzerothCore\_deps\lua52-src\src\lundump.c">
      <Filter>Source Files</Filter>
    </ClCompile>
    <ClCompile Include="D:\Soft\SoloAzerothCore\_deps\lua52-src\src\lvm.c">
      <Filter>Source Files</Filter>
    </ClCompile>
    <ClCompile Include="D:\Soft\SoloAzerothCore\_deps\lua52-src\src\lzio.c">
      <Filter>Source Files</Filter>
    </ClCompile>
  </ItemGroup>
  <ItemGroup>
    <ClInclude Include="D:\Soft\SoloAzerothCore\_deps\lua52-src\src\lapi.h">
      <Filter>Header Files</Filter>
    </ClInclude>
    <ClInclude Include="D:\Soft\SoloAzerothCore\_deps\lua52-src\src\lauxlib.h">
      <Filter>Header Files</Filter>
    </ClInclude>
    <ClInclude Include="D:\Soft\SoloAzerothCore\_deps\lua52-src\src\lcode.h">
      <Filter>Header Files</Filter>
    </ClInclude>
    <ClInclude Include="D:\Soft\SoloAzerothCore\_deps\lua52-src\src\lctype.h">
      <Filter>Header Files</Filter>
    </ClInclude>
    <ClInclude Include="D:\Soft\SoloAzerothCore\_deps\lua52-src\src\ldebug.h">
      <Filter>Header Files</Filter>
    </ClInclude>
    <ClInclude Include="D:\Soft\SoloAzerothCore\_deps\lua52-src\src\ldo.h">
      <Filter>Header Files</Filter>
    </ClInclude>
    <ClInclude Include="D:\Soft\SoloAzerothCore\_deps\lua52-src\src\lfunc.h">
      <Filter>Header Files</Filter>
    </ClInclude>
    <ClInclude Include="D:\Soft\SoloAzerothCore\_deps\lua52-src\src\lgc.h">
      <Filter>Header Files</Filter>
    </ClInclude>
    <ClInclude Include="D:\Soft\SoloAzerothCore\_deps\lua52-src\src\llex.h">
      <Filter>Header Files</Filter>
    </ClInclude>
    <ClInclude Include="D:\Soft\SoloAzerothCore\_deps\lua52-src\src\llimits.h">
      <Filter>Header Files</Filter>
    </ClInclude>
    <ClInclude Include="D:\Soft\SoloAzerothCore\_deps\lua52-src\src\lmem.h">
      <Filter>Header Files</Filter>
    </ClInclude>
    <ClInclude Include="D:\Soft\SoloAzerothCore\_deps\lua52-src\src\lobject.h">
      <Filter>Header Files</Filter>
    </ClInclude>
    <ClInclude Include="D:\Soft\SoloAzerothCore\_deps\lua52-src\src\lopcodes.h">
      <Filter>Header Files</Filter>
    </ClInclude>
    <ClInclude Include="D:\Soft\SoloAzerothCore\_deps\lua52-src\src\lparser.h">
      <Filter>Header Files</Filter>
    </ClInclude>
    <ClInclude Include="D:\Soft\SoloAzerothCore\_deps\lua52-src\src\lstate.h">
      <Filter>Header Files</Filter>
    </ClInclude>
    <ClInclude Include="D:\Soft\SoloAzerothCore\_deps\lua52-src\src\lstring.h">
      <Filter>Header Files</Filter>
    </ClInclude>
    <ClInclude Include="D:\Soft\SoloAzerothCore\_deps\lua52-src\src\ltable.h">
      <Filter>Header Files</Filter>
    </ClInclude>
    <ClInclude Include="D:\Soft\SoloAzerothCore\_deps\lua52-src\src\ltm.h">
      <Filter>Header Files</Filter>
    </ClInclude>
    <ClInclude Include="D:\Soft\SoloAzerothCore\_deps\lua52-src\src\lua.h">
      <Filter>Header Files</Filter>
    </ClInclude>
    <ClInclude Include="D:\Soft\SoloAzerothCore\_deps\lua52-src\src\luaconf.h">
      <Filter>Header Files</Filter>
    </ClInclude>
    <ClInclude Include="D:\Soft\SoloAzerothCore\_deps\lua52-src\src\lualib.h">
      <Filter>Header Files</Filter>
    </ClInclude>
    <ClInclude Include="D:\Soft\SoloAzerothCore\_deps\lua52-src\src\lundump.h">
      <Filter>Header Files</Filter>
    </ClInclude>
    <ClInclude Include="D:\Soft\SoloAzerothCore\_deps\lua52-src\src\lvm.h">
      <Filter>Header Files</Filter>
    </ClInclude>
    <ClInclude Include="D:\Soft\SoloAzerothCore\_deps\lua52-src\src\lzio.h">
      <Filter>Header Files</Filter>
    </ClInclude>
  </ItemGroup>
  <ItemGroup>
    <CustomBuild Include="D:\Soft\SoloAzerothCore_Source\modules\mod-eluna\src\lualib\lua\CMakeLists.txt" />
  </ItemGroup>
  <ItemGroup>
    <Filter Include="Header Files">
      <UniqueIdentifier>{6622A972-1198-3CC1-B326-3D7FAADBE34E}</UniqueIdentifier>
    </Filter>
    <Filter Include="Source Files">
      <UniqueIdentifier>{C7FD36FD-9EEB-3335-BCEB-7999D7528856}</UniqueIdentifier>
    </Filter>
  </ItemGroup>
</Project>
